{
    "_readme": [
        "This file locks the dependencies of your project to a known state",
        "Read more about it at http://getcomposer.org/doc/01-basic-usage.md#composer-lock-the-lock-file",
        "This file is @generated automatically"
    ],
    "hash": "07ecc796e010f710c67758f7ac05b48e",
    "packages": [
        {
            "name": "aura/asset-bundle",
            "version": "dev-master",
            "source": {
                "type": "git",
                "url": "https://github.com/harikt/Aura.Asset_Bundle.git",
                "reference": "79986d1c28c1886e9829e844a01df235920d10d3"
            },
            "dist": {
                "type": "zip",
                "url": "https://api.github.com/repos/harikt/Aura.Asset_Bundle/zipball/79986d1c28c1886e9829e844a01df235920d10d3",
                "reference": "79986d1c28c1886e9829e844a01df235920d10d3",
                "shasum": ""
            },
            "require": {
                "aura/web": "2.*@dev"
            },
            "type": "library",
            "extra": {
                "aura": {
                    "type": "project",
                    "config": {
                        "common": "Aura\\Asset_Bundle\\_Config\\Common"
                    }
                },
                "branch-alias": {
                    "dev-master": "2.0.x-dev"
                }
            },
            "autoload": {
                "psr-4": {
                    "Aura\\Asset_Bundle\\": "src/",
                    "Aura\\Asset_Bundle\\_Config\\": "config/"
                }
            },
            "notification-url": "https://packagist.org/downloads/",
            "license": [
                "BSD-2-Clause"
            ],
            "authors": [
                {
                    "name": "Hari KT",
                    "email": "kthari85@gmail.com"
                }
            ],
            "description": "Asset management for aura v2",
            "time": "2014-09-13 14:49:58"
        },
        {
            "name": "aura/di",
            "version": "dev-develop-2",
            "source": {
                "type": "git",
                "url": "https://github.com/auraphp/Aura.Di.git",
                "reference": "1a63414ccf43b046433f8bfac837f738e1aca73c"
            },
            "dist": {
                "type": "zip",
                "url": "https://api.github.com/repos/auraphp/Aura.Di/zipball/1a63414ccf43b046433f8bfac837f738e1aca73c",
                "reference": "1a63414ccf43b046433f8bfac837f738e1aca73c",
                "shasum": ""
            },
            "require": {
                "php": ">=5.3.0"
            },
            "type": "library",
            "extra": {
                "aura": {
                    "type": "library"
                },
                "branch-alias": {
                    "dev-develop-2": "2.0.x-dev"
                }
            },
            "autoload": {
                "psr-4": {
                    "Aura\\Di\\": "src/"
                }
            },
            "notification-url": "https://packagist.org/downloads/",
            "license": [
                "BSD-2-Clause"
            ],
            "authors": [
                {
                    "name": "Aura.Di Contributors",
                    "homepage": "https://github.com/auraphp/Aura.Di/contributors"
                }
            ],
            "description": "Provides a dependency injection container system with native support for constructor- and setter-based injection, lazy-loading of services, and inheritable configuration of setters and constructor params.",
            "homepage": "https://github.com/auraphp/Aura.Di",
            "keywords": [
                "container",
                "dependency injection",
                "dependency injection container",
                "di",
                "di container"
            ],
            "time": "2014-09-06 22:25:16"
        },
        {
            "name": "aura/dispatcher",
            "version": "dev-develop-2",
            "source": {
                "type": "git",
                "url": "https://github.com/auraphp/Aura.Dispatcher.git",
                "reference": "0e4b16726b96ed77daa63cb8472a7bd3b31caf61"
            },
            "dist": {
                "type": "zip",
                "url": "https://api.github.com/repos/auraphp/Aura.Dispatcher/zipball/0e4b16726b96ed77daa63cb8472a7bd3b31caf61",
                "reference": "0e4b16726b96ed77daa63cb8472a7bd3b31caf61",
                "shasum": ""
            },
            "require": {
                "php": ">=5.4.0"
            },
            "type": "library",
            "extra": {
                "aura": {
                    "type": "library"
                },
                "branch-alias": {
                    "dev-develop-2": "2.0.x-dev"
                }
            },
            "autoload": {
                "psr-4": {
                    "Aura\\Dispatcher\\": "src/"
                }
            },
            "notification-url": "https://packagist.org/downloads/",
            "license": [
                "BSD-2-Clause"
            ],
            "authors": [
                {
                    "name": "Aura.Dispatcher Contributors",
                    "homepage": "https://github.com/auraphp/Aura.Dispatcher/contributors"
                }
            ],
            "description": "Creates objects from a factory and invokes methods using named parameters; also provides a trait for invoking closures and object methods with named parameters.",
            "homepage": "https://github.com/auraphp/Aura.Dispatcher",
            "keywords": [
                "controller",
                "dispatcher",
                "factory"
            ],
            "time": "2014-09-05 16:11:31"
        },
        {
            "name": "aura/filter",
            "version": "dev-develop",
            "source": {
                "type": "git",
                "url": "https://github.com/auraphp/Aura.Filter.git",
                "reference": "54dfdac48b66aa5d9eb749f72421d4c06bcaa908"
            },
            "dist": {
                "type": "zip",
                "url": "https://api.github.com/repos/auraphp/Aura.Filter/zipball/54dfdac48b66aa5d9eb749f72421d4c06bcaa908",
                "reference": "54dfdac48b66aa5d9eb749f72421d4c06bcaa908",
                "shasum": ""
            },
            "require": {
                "aura/installer-default": "1.0.0",
                "php": ">=5.4.0"
            },
            "type": "aura-package",
            "extra": {
                "aura": {
                    "type": "library",
                    "config": {
                        "common": "Aura\\Filter\\_Config\\Common"
                    }
                },
                "branch-alias": {
                    "dev-develop": "1.0.x-dev"
                }
            },
            "autoload": {
                "psr-0": {
                    "Aura\\Filter": "src/"
                },
                "psr-4": {
                    "Aura\\Filter\\_Config\\": "config/"
                }
            },
            "notification-url": "https://packagist.org/downloads/",
            "license": [
                "BSD-2-Clause"
            ],
            "authors": [
                {
                    "name": "Aura Contributors",
                    "homepage": "https://github.com/auraphp/Aura.Filter/contributors"
                }
            ],
            "description": "The Aura Filter package provider validators and sanitizers for user data.",
            "homepage": "http://auraphp.github.com/Aura.Filter",
            "keywords": [
                "filter",
                "sanitize",
                "validate",
                "validation",
                "validator"
            ],
            "time": "2014-08-24 17:12:13"
        },
        {
            "name": "aura/html",
            "version": "dev-develop-2",
            "source": {
                "type": "git",
                "url": "https://github.com/auraphp/Aura.Html.git",
                "reference": "4eb6889627c71ff9b8ed5d506fc36ce5bc8dd305"
            },
            "dist": {
                "type": "zip",
                "url": "https://api.github.com/repos/auraphp/Aura.Html/zipball/4eb6889627c71ff9b8ed5d506fc36ce5bc8dd305",
                "reference": "4eb6889627c71ff9b8ed5d506fc36ce5bc8dd305",
                "shasum": ""
            },
            "require": {
                "php": ">=5.3.0"
            },
            "type": "library",
            "extra": {
                "aura": {
                    "type": "library",
                    "config": {
                        "common": "Aura\\Html\\_Config\\Common"
                    }
                },
                "branch-alias": {
                    "dev-develop-2": "2.0.x-dev"
                }
            },
            "autoload": {
                "psr-4": {
                    "Aura\\Html\\": "src/",
                    "Aura\\Html\\_Config\\": "config/"
                }
            },
            "notification-url": "https://packagist.org/downloads/",
            "license": [
                "BSD-2-Clause"
            ],
            "authors": [
                {
                    "name": "Aura.Html Contributors",
                    "homepage": "https://github.com/auraphp/Aura.Html/contributors"
                }
            ],
            "description": "Provides HTML escapers and helpers, including form input helpers.",
            "homepage": "https://github.com/auraphp/Aura.Html",
            "keywords": [
                "Escape",
                "escaper",
                "escapers",
                "escaping",
                "form",
                "helper",
                "helpers",
                "html",
                "input"
            ],
            "time": "2014-09-05 16:12:26"
        },
        {
            "name": "aura/input",
            "version": "dev-develop",
            "source": {
                "type": "git",
                "url": "https://github.com/auraphp/Aura.Input.git",
                "reference": "d20e990e69c4d4b4452eee8fd59f1b0526d243b8"
            },
            "dist": {
                "type": "zip",
                "url": "https://api.github.com/repos/auraphp/Aura.Input/zipball/d20e990e69c4d4b4452eee8fd59f1b0526d243b8",
                "reference": "d20e990e69c4d4b4452eee8fd59f1b0526d243b8",
                "shasum": ""
            },
            "require": {
                "aura/installer-default": ">=1.0.0",
                "php": ">=5.4.0"
            },
            "type": "aura-package",
            "extra": {
                "aura": {
                    "type": "library",
                    "config": {
                        "common": "Aura\\Input\\_Config\\Common"
                    }
                },
                "branch-alias": {
                    "dev-develop": "1.1.x-dev"
                }
            },
            "autoload": {
                "psr-0": {
                    "Aura\\Input": "src/"
                },
                "psr-4": {
                    "Aura\\Input\\_Config\\": "config/"
                }
            },
            "notification-url": "https://packagist.org/downloads/",
            "license": [
                "BSD-2-Clause"
            ],
            "authors": [
                {
                    "name": "Paul M. Jones",
                    "email": "pmjones88@gmail.com",
                    "homepage": "http://paul-m-jones.com"
                },
                {
                    "name": "Hari KT",
                    "email": "kthari85@gmail.com",
                    "homepage": "http://harikt.com"
                },
                {
                    "name": "Aura.Input Contributors",
                    "homepage": "https://github.com/auraphp/Aura.Input/contributors"
                }
            ],
            "description": "This package contains tools to describe and filter user inputs from an HTML form, including sub-forms/sub-fieldsets, fieldset collections, an interface for injecting custom filter systems, and CSRF protection. Note that this package does not include output functionality, although the \"hints\" provided by the Form object can be used with any presentation system to generate an HTML form.",
            "homepage": "http://auraphp.github.com/Aura.Input",
            "keywords": [
                "field",
                "form",
                "html",
                "input"
            ],
            "time": "2014-08-24 17:20:22"
        },
        {
            "name": "aura/installer-default",
            "version": "1.0.0",
            "source": {
                "type": "git",
                "url": "https://github.com/auraphp/installer-default.git",
                "reference": "52f8de3670cc1ef45a916f40f732937436d028c8"
            },
            "dist": {
                "type": "zip",
                "url": "https://api.github.com/repos/auraphp/installer-default/zipball/52f8de3670cc1ef45a916f40f732937436d028c8",
                "reference": "52f8de3670cc1ef45a916f40f732937436d028c8",
                "shasum": ""
            },
            "type": "composer-installer",
            "extra": {
                "class": "Aura\\Composer\\DefaultInstaller"
            },
            "autoload": {
                "psr-0": {
                    "Aura\\Composer\\": "src/"
                }
            },
            "notification-url": "https://packagist.org/downloads/",
            "license": [
                "BSD-2-Clause"
            ],
            "authors": [
                {
                    "name": "Paul M. Jones",
                    "email": "pmjones88@gmail.com",
                    "homepage": "http://paul-m-jones.com"
                }
            ],
            "description": "Installs Aura packages using the Composer defaults.",
            "keywords": [
                "aura",
                "installer"
            ],
            "time": "2012-11-26 21:35:57"
        },
        {
            "name": "aura/intl",
            "version": "dev-develop",
            "source": {
                "type": "git",
                "url": "https://github.com/auraphp/Aura.Intl.git",
                "reference": "e73a797e672ffc77c3fad69c335a7ccb3713ad00"
            },
            "dist": {
                "type": "zip",
                "url": "https://api.github.com/repos/auraphp/Aura.Intl/zipball/e73a797e672ffc77c3fad69c335a7ccb3713ad00",
                "reference": "e73a797e672ffc77c3fad69c335a7ccb3713ad00",
                "shasum": ""
            },
            "require": {
                "aura/installer-default": "1.0.0",
                "php": ">=5.4.0"
            },
            "type": "aura-package",
            "extra": {
                "aura": {
                    "type": "library",
                    "config": {
                        "common": "Aura\\Intl\\_Config\\Common"
                    }
                },
                "branch-alias": {
                    "dev-develop": "1.1.x-dev"
                }
            },
            "autoload": {
                "psr-0": {
                    "Aura\\Intl": "src/"
                },
                "psr-4": {
                    "Aura\\Intl\\_Config\\": "config/"
                }
            },
            "notification-url": "https://packagist.org/downloads/",
            "license": [
                "BSD-2-Clause"
            ],
            "authors": [
                {
                    "name": "Aura Contributors",
                    "homepage": "https://github.com/auraphp/Aura.Intl/contributors"
                }
            ],
            "description": "The Aura Intl package provides internationalization tools, specifically message translation.",
            "homepage": "http://auraphp.github.com/Aura.Intl",
            "keywords": [
                "g11n",
                "globalization",
                "i18n",
                "internationalization",
                "intl",
                "l10n",
                "localization"
            ],
            "time": "2014-08-24 17:18:09"
        },
        {
            "name": "aura/project-kernel",
            "version": "dev-develop-2",
            "source": {
                "type": "git",
                "url": "https://github.com/auraphp/Aura.Project_Kernel.git",
                "reference": "f84ef406f93dc0f9014c0a57d655e939897da2b9"
            },
            "dist": {
                "type": "zip",
                "url": "https://api.github.com/repos/auraphp/Aura.Project_Kernel/zipball/f84ef406f93dc0f9014c0a57d655e939897da2b9",
                "reference": "f84ef406f93dc0f9014c0a57d655e939897da2b9",
                "shasum": ""
            },
            "require": {
                "aura/di": "2.*@dev",
                "php": ">=5.3.0",
                "psr/log": "1.*"
            },
            "type": "library",
            "extra": {
                "aura": {
                    "type": "kernel",
                    "config": {
                        "common": "Aura\\Project_Kernel\\_Config\\Common"
                    }
                },
                "branch-alias": {
                    "dev-develop-2": "2.0.x-dev"
                }
            },
            "autoload": {
                "psr-4": {
                    "Aura\\Project_Kernel\\": "src/",
                    "Aura\\Project_Kernel\\_Config\\": "config/"
                }
            },
            "notification-url": "https://packagist.org/downloads/",
            "license": [
                "BSD-2-Clause"
            ],
            "authors": [
                {
                    "name": "Aura.Project_Kernel Contributors",
                    "homepage": "https://github.com/auraphp/Aura.Project_Kernel/contributors"
                }
            ],
            "description": "The shared kernel files for an Aura project.",
            "homepage": "https://github.com/auraphp/Aura.Project_Kernel",
            "keywords": [
                "kernel",
                "project"
            ],
            "time": "2014-09-06 15:42:05"
        },
        {
            "name": "aura/router",
            "version": "dev-develop-2",
            "source": {
                "type": "git",
                "url": "https://github.com/auraphp/Aura.Router.git",
                "reference": "30e9b157b7563faa759830e9bbcc96ca2ca5b175"
            },
            "dist": {
                "type": "zip",
                "url": "https://api.github.com/repos/auraphp/Aura.Router/zipball/30e9b157b7563faa759830e9bbcc96ca2ca5b175",
                "reference": "30e9b157b7563faa759830e9bbcc96ca2ca5b175",
                "shasum": ""
            },
            "require": {
                "php": ">=5.3.0"
            },
            "type": "library",
            "extra": {
                "aura": {
                    "type": "library",
                    "config": {
                        "common": "Aura\\Router\\_Config\\Common"
                    }
                },
                "branch-alias": {
                    "dev-develop-2": "2.0.x-dev"
                }
            },
            "autoload": {
                "psr-4": {
                    "Aura\\Router\\": "src/",
                    "Aura\\Router\\_Config\\": "config/"
                }
            },
            "notification-url": "https://packagist.org/downloads/",
            "license": [
                "BSD-2-Clause"
            ],
            "authors": [
                {
                    "name": "Aura.Router Contributors",
                    "homepage": "https://github.com/auraphp/Aura.Router/contributors"
                }
            ],
            "description": "A web router implementation; given a URI path and a copy of $_SERVER, it will extract path-info parameter values for a specific route.",
            "homepage": "https://github.com/auraphp/Aura.Router",
            "keywords": [
                "route",
                "router",
                "routing"
            ],
            "time": "2014-09-05 16:13:20"
        },
        {
            "name": "aura/sql",
            "version": "2.0.1",
            "source": {
                "type": "git",
                "url": "https://github.com/auraphp/Aura.Sql.git",
                "reference": "92fefa64dcfb5c2acf168e5632d4af5746e3637e"
            },
            "dist": {
                "type": "zip",
                "url": "https://api.github.com/repos/auraphp/Aura.Sql/zipball/92fefa64dcfb5c2acf168e5632d4af5746e3637e",
                "reference": "92fefa64dcfb5c2acf168e5632d4af5746e3637e",
                "shasum": ""
            },
            "require": {
                "php": ">=5.3.0"
            },
            "type": "library",
            "extra": {
                "aura": {
                    "type": "library"
                }
            },
            "autoload": {
                "psr-4": {
                    "Aura\\Sql\\": "src/"
                }
            },
            "notification-url": "https://packagist.org/downloads/",
            "license": [
                "BSD-2-Clause"
            ],
            "authors": [
                {
                    "name": "Aura.Sql Contributors",
                    "homepage": "https://github.com/auraphp/Aura.Sql/contributors"
                }
            ],
            "description": "A PDO extension that provides lazy connections, array quoting, identifier quoting, query profiling, value binding, and convenience methods for common fetch styles. Because it extends PDO, existing code that uses PDO can use this without any changes to the existing code.",
            "homepage": "https://github.com/auraphp/Aura.Sql/releases",
            "keywords": [
                "mysql",
                "pdo",
                "pgsql",
                "postgres",
                "postgresql",
                "sql server",
                "sqlite",
                "sqlserver",
                "sqlsrv"
            ],
            "time": "2014-04-08 14:17:53"
        },
        {
            "name": "aura/view",
            "version": "dev-develop-2",
            "source": {
                "type": "git",
                "url": "https://github.com/auraphp/Aura.View.git",
                "reference": "2d9bfe8e17f2bc56c7e6bf38b5d20f4cee08fee8"
            },
            "dist": {
                "type": "zip",
                "url": "https://api.github.com/repos/auraphp/Aura.View/zipball/2d9bfe8e17f2bc56c7e6bf38b5d20f4cee08fee8",
                "reference": "2d9bfe8e17f2bc56c7e6bf38b5d20f4cee08fee8",
                "shasum": ""
            },
            "require": {
                "php": ">=5.4.0"
            },
            "type": "library",
            "extra": {
                "aura": {
                    "type": "library",
                    "config": {
                        "common": "Aura\\View\\_Config\\Common"
                    }
                },
                "branch-alias": {
                    "dev-develop-2": "2.0.x-dev"
                }
            },
            "autoload": {
                "psr-4": {
                    "Aura\\View\\": "src/",
                    "Aura\\View\\_Config\\": "config/"
                }
            },
            "notification-url": "https://packagist.org/downloads/",
            "license": [
                "BSD-2-Clause"
            ],
            "authors": [
                {
                    "name": "Aura.View Contributors",
                    "homepage": "https://github.com/auraphp/Aura.View/contributors"
                }
            ],
            "description": "Provides an implementation of the TemplateView and TwoStepView patterns, with support for helpers and for closures as templates, using PHP itself as the templating language.",
            "homepage": "https://github.com/auraphp/Aura.View",
            "keywords": [
                "Escape",
                "escaper",
                "escaping",
                "template",
                "template view",
                "two step view",
                "two-step view",
                "twostep view",
                "view"
            ],
            "time": "2014-09-05 16:16:49"
        },
        {
            "name": "aura/web",
            "version": "dev-develop-2",
            "source": {
                "type": "git",
                "url": "https://github.com/auraphp/Aura.Web.git",
                "reference": "1798ef63023b299ff93d3145d84b823637dd53d7"
            },
            "dist": {
                "type": "zip",
                "url": "https://api.github.com/repos/auraphp/Aura.Web/zipball/1798ef63023b299ff93d3145d84b823637dd53d7",
                "reference": "1798ef63023b299ff93d3145d84b823637dd53d7",
                "shasum": ""
            },
            "require": {
                "php": ">=5.3.0"
            },
            "type": "library",
            "extra": {
                "aura": {
                    "type": "library",
                    "config": {
                        "common": "Aura\\Web\\_Config\\Common"
                    }
                },
                "branch-alias": {
                    "dev-develop-2": "2.0.x-dev"
                }
            },
            "autoload": {
                "psr-4": {
                    "Aura\\Web\\": "src/",
                    "Aura\\Web\\_Config\\": "config/"
                }
            },
            "notification-url": "https://packagist.org/downloads/",
            "license": [
                "BSD-2-Clause"
            ],
            "authors": [
                {
                    "name": "Aura.Web Contributors",
                    "homepage": "https://github.com/auraphp/Aura.Web/contributors"
                }
            ],
            "description": "Provides web Request and Response objects for use by web controllers. These are representations of the PHP web environment, not HTTP request and response objects proper.",
            "homepage": "https://github.com/auraphp/Aura.Web/releases",
            "keywords": [
                "request",
                "response"
            ],
            "time": "2014-09-06 23:03:33"
        },
        {
            "name": "aura/web-kernel",
            "version": "dev-develop-2",
            "source": {
                "type": "git",
                "url": "https://github.com/auraphp/Aura.Web_Kernel.git",
                "reference": "ef8bd37fdab8b7941726d33712a838284e519a04"
            },
            "dist": {
                "type": "zip",
                "url": "https://api.github.com/repos/auraphp/Aura.Web_Kernel/zipball/ef8bd37fdab8b7941726d33712a838284e519a04",
                "reference": "ef8bd37fdab8b7941726d33712a838284e519a04",
                "shasum": ""
            },
            "require": {
                "aura/dispatcher": "2.*@dev",
                "aura/project-kernel": "2.*@dev",
                "aura/router": "2.*@dev",
                "aura/web": "2.*@dev",
                "php": ">=5.4.0",
                "psr/log": "1.*"
            },
            "type": "library",
            "extra": {
                "aura": {
                    "type": "kernel",
                    "config": {
                        "common": "Aura\\Web_Kernel\\_Config\\Common",
                        "kernel": "Aura\\Web_Kernel\\_Config\\Kernel"
                    }
                },
                "branch-alias": {
                    "dev-develop-2": "2.0.x-dev"
                }
            },
            "autoload": {
                "psr-4": {
                    "Aura\\Web_Kernel\\": "src/",
                    "Aura\\Web_Kernel\\_Config\\": "config/"
                }
            },
            "notification-url": "https://packagist.org/downloads/",
            "license": [
                "BSD-2-Clause"
            ],
            "authors": [
                {
                    "name": "Aura.Web_Kernel Contributors",
                    "homepage": "https://github.com/auraphp/Aura.Web_Kernel/contributors"
                }
            ],
            "description": "The kernel files for an Aura web project.",
            "homepage": "https://github.com/auraphp/Aura.Web_Kernel",
            "keywords": [
                "kernel",
                "web"
            ],
            "time": "2014-09-06 22:40:13"
        },
        {
            "name": "foa/filter-input-bundle",
            "version": "dev-master",
            "source": {
                "type": "git",
                "url": "https://github.com/friendsofaura/FOA.Filter_Input_Bundle.git",
                "reference": "394489aaeb27c7a60a534d493517acf585dea358"
            },
            "dist": {
                "type": "zip",
                "url": "https://api.github.com/repos/friendsofaura/FOA.Filter_Input_Bundle/zipball/394489aaeb27c7a60a534d493517acf585dea358",
                "reference": "394489aaeb27c7a60a534d493517acf585dea358",
                "shasum": ""
            },
            "require": {
                "aura/filter": ">=1.0.1,<=2.0.0",
                "aura/input": ">=1.1.1,<=2.0.0",
                "php": ">=5.4.0"
            },
            "type": "library",
            "extra": {
                "aura": {
                    "type": "bundle",
                    "config": {
                        "common": [
                            "FOA\\Filter_Input_Bundle\\_Config\\Common"
                        ]
                    }
                },
                "branch-alias": {
                    "dev-master": "1.1.x-dev"
                }
            },
            "autoload": {
                "psr-4": {
                    "FOA\\Filter_Input_Bundle\\": "src/",
                    "FOA\\Filter_Input_Bundle\\_Config\\": "config/"
                }
            },
            "notification-url": "https://packagist.org/downloads/",
            "license": [
                "BSD-2-Clause"
            ],
            "authors": [
                {
                    "name": "FOA Contributors",
                    "homepage": "https://github.com/friendsofaura/FOA.Filter_Input_Bundle/contributors"
                }
            ],
            "description": "Integration bundle for Aura.Input with Aura.Filter",
            "homepage": "https://github.com/friendsofaura/FOA.Filter_Input_Bundle",
            "keywords": [
                "filter",
                "form",
                "input",
                "sanitize",
                "validate"
            ],
            "time": "2014-08-17 03:12:52"
        },
        {
            "name": "foa/filter-intl-bundle",
            "version": "dev-master",
            "source": {
                "type": "git",
                "url": "https://github.com/friendsofaura/FOA.Filter_Intl_Bundle.git",
                "reference": "edb503ff5ce9eac5f7a1118f02a5758d953c590c"
            },
            "dist": {
                "type": "zip",
                "url": "https://api.github.com/repos/friendsofaura/FOA.Filter_Intl_Bundle/zipball/edb503ff5ce9eac5f7a1118f02a5758d953c590c",
                "reference": "edb503ff5ce9eac5f7a1118f02a5758d953c590c",
                "shasum": ""
            },
            "require": {
                "aura/filter": ">=1.0.1,<=2.0.0",
                "aura/intl": ">=1.1.0,<=2.0.0",
                "php": ">=5.4.0"
            },
            "type": "library",
            "extra": {
                "aura": {
                    "type": "bundle",
                    "config": {
                        "common": [
                            "FOA\\Filter_Intl_Bundle\\_Config\\Common"
                        ]
                    }
                },
                "branch-alias": {
                    "dev-master": "1.1.x-dev"
                }
            },
            "autoload": {
                "psr-4": {
                    "FOA\\Filter_Intl_Bundle\\": "src/",
                    "FOA\\Filter_Intl_Bundle\\_Config\\": "config/"
                }
            },
            "notification-url": "https://packagist.org/downloads/",
            "license": [
                "BSD-2-Clause"
            ],
            "authors": [
                {
                    "name": "FOA Contributors",
                    "homepage": "https://github.com/harikt/FOA.Filter_Intl_Bundle/contributors"
                }
            ],
            "description": "Integration bundle for Aura.Filter with Aura.Intl",
            "homepage": "https://github.com/friendsofaura/FOA.Filter_Intl_Bundle",
            "keywords": [
                "filter",
                "intl",
                "sanitize",
                "validate"
            ],
            "time": "2014-08-17 03:16:51"
        },
        {
            "name": "foa/html-view-bundle",
            "version": "dev-master",
            "source": {
                "type": "git",
                "url": "https://github.com/friendsofaura/FOA.Html_View_Bundle.git",
                "reference": "a8ad00615c687ac352142aed63a122679a16b8cb"
            },
            "dist": {
                "type": "zip",
                "url": "https://api.github.com/repos/friendsofaura/FOA.Html_View_Bundle/zipball/a8ad00615c687ac352142aed63a122679a16b8cb",
                "reference": "a8ad00615c687ac352142aed63a122679a16b8cb",
                "shasum": ""
            },
            "require": {
                "aura/di": "~2.0@beta",
                "aura/html": "2.0.*@dev",
                "aura/view": "2.0.*"
            },
            "type": "library",
            "extra": {
                "aura": {
                    "type": "kernel",
                    "config": {
                        "common": "FOA\\Html_View_Bundle\\_Config\\Common"
                    }
                },
                "branch-alias": {
                    "dev-master": "2.0.x-dev"
                }
            },
            "autoload": {
                "psr-4": {
                    "FOA\\Html_View_Bundle\\_Config\\": "config/"
                }
            },
            "notification-url": "https://packagist.org/downloads/",
            "license": [
                "BSD-2-Clause"
            ],
            "authors": [
                {
                    "name": "Hari KT",
                    "email": "kthari85@gmail.com"
                }
            ],
            "description": "Integration of Aura.Html and Aura.View with Aura.Di",
            "keywords": [
                "di",
                "helper",
                "html",
                "view"
            ],
            "time": "2014-09-06 07:20:26"
        },
        {
            "name": "kilte/pagination",
            "version": "1.1.0",
            "source": {
                "type": "git",
                "url": "https://github.com/Kilte/pagination.git",
                "reference": "edd4ebe87870ad9168481a91717e69feb241e756"
            },
            "dist": {
                "type": "zip",
                "url": "https://api.github.com/repos/Kilte/pagination/zipball/edd4ebe87870ad9168481a91717e69feb241e756",
                "reference": "edd4ebe87870ad9168481a91717e69feb241e756",
                "shasum": ""
            },
            "require": {
                "php": ">=5.3"
            },
            "require-dev": {
                "phpunit/phpunit": "~3.7"
            },
            "type": "library",
            "autoload": {
                "psr-0": {
                    "Kilte\\Pagination": "src"
                }
            },
            "notification-url": "https://packagist.org/downloads/",
            "license": [
                "MIT"
            ],
            "authors": [
                {
                    "name": "Kilte Leichnam",
                    "email": "nwotnbm@gmail.com"
                }
            ],
            "description": "Simple pagination",
            "keywords": [
                "pagination"
            ],
            "time": "2014-06-16 10:02:18"
        },
        {
            "name": "psr/log",
            "version": "dev-master",
            "source": {
                "type": "git",
                "url": "https://github.com/php-fig/log.git",
                "reference": "a78d6504ff5d4367497785ab2ade91db3a9fbe11"
            },
            "dist": {
                "type": "zip",
                "url": "https://api.github.com/repos/php-fig/log/zipball/a78d6504ff5d4367497785ab2ade91db3a9fbe11",
                "reference": "a78d6504ff5d4367497785ab2ade91db3a9fbe11",
                "shasum": ""
            },
            "type": "library",
            "extra": {
                "branch-alias": {
                    "dev-master": "1.0.x-dev"
                }
            },
            "autoload": {
                "psr-0": {
                    "Psr\\Log\\": ""
                }
            },
            "notification-url": "https://packagist.org/downloads/",
            "license": [
                "MIT"
            ],
            "authors": [
                {
                    "name": "PHP-FIG",
                    "homepage": "http://www.php-fig.org/"
                }
            ],
            "description": "Common interface for logging libraries",
            "keywords": [
                "log",
                "psr",
                "psr-3"
            ],
            "time": "2014-01-18 15:33:09"
        }
    ],
    "packages-dev": [],
    "aliases": [],
    "minimum-stability": "dev",
    "stability-flags": {
        "aura/asset-bundle": 20,
        "aura/web-kernel": 20,
        "foa/html-view-bundle": 20
    },
    "prefer-stable": false,
    "platform": [],
    "platform-dev": []
}
